
Microsoft Visual Studio Solution File, Format Version 12.00
# Visual Studio 2012
Project("{8BC9CEB8-8B4A-11D0-8D11-00A0C91BC942}") = "Graphs", "Graphs\Graphs.vcxproj", "{640B851D-D7DA-4626-81ED-ED4459F0E04B}"
EndProject
Global
	GlobalSection(SolutionConfigurationPlatforms) = preSolution
		Debug|Win32 = Debug|Win32
		Release|Win32 = Release|Win32
	EndGlobalSection
	GlobalSection(ProjectConfigurationPlatforms) = postSolution
		{640B851D-D7DA-4626-81ED-ED4459F0E04B}.Debug|Win32.ActiveCfg = Debug|Win32
		{640B851D-D7DA-4626-81ED-ED4459F0E04B}.Debug|Win32.Build.0 = Debug|Win32
		{640B851D-D7DA-4626-81ED-ED4459F0E04B}.Release|Win32.ActiveCfg = Release|Win32
		{640B851D-D7DA-4626-81ED-ED4459F0E04B}.Release|Win32.Build.0 = Release|Win32
	EndGlobalSection
	GlobalSection(SolutionProperties) = preSolution
		HideSolutionNode = FALSE
	EndGlobalSection
EndGlobal
